// !$*UTF8*$!
{
	archiveVersion = 1;
	classes = {
	};
	objectVersion = 50;
	objects = {

/* Begin PBXBuildFile section */
		3F24E2BD217B166D00CD09FF /* AppDelegate.swift in Sources */ = {isa = PBXBuildFile; fileRef = 3F24E2BC217B166D00CD09FF /* AppDelegate.swift */; };
		3F24E2BF217B166D00CD09FF /* ViewController.swift in Sources */ = {isa = PBXBuildFile; fileRef = 3F24E2BE217B166D00CD09FF /* ViewController.swift */; };
		3F24E2C2217B166D00CD09FF /* Main.storyboard in Resources */ = {isa = PBXBuildFile; fileRef = 3F24E2C0217B166D00CD09FF /* Main.storyboard */; };
		3F24E2C4217B166E00CD09FF /* Assets.xcassets in Resources */ = {isa = PBXBuildFile; fileRef = 3F24E2C3217B166E00CD09FF /* Assets.xcassets */; };
		3F24E2C7217B166E00CD09FF /* LaunchScreen.storyboard in Resources */ = {isa = PBXBuildFile; fileRef = 3F24E2C5217B166E00CD09FF /* LaunchScreen.storyboard */; };
		3F24E2D2217B166E00CD09FF /* HelloWorldONETests.swift in Sources */ = {isa = PBXBuildFile; fileRef = 3F24E2D1217B166E00CD09FF /* HelloWorldONETests.swift */; };
		3F24E2DD217B166E00CD09FF /* HelloWorldONEUITests.swift in Sources */ = {isa = PBXBuildFile; fileRef = 3F24E2DC217B166E00CD09FF /* HelloWorldONEUITests.swift */; };
/* End PBXBuildFile section */

/* Begin PBXContainerItemProxy section */
		3F24E2CE217B166E00CD09FF /* PBXContainerItemProxy */ = {
			isa = PBXContainerItemProxy;
			containerPortal = 3F24E2B1217B166D00CD09FF /* Project object */;
			proxyType = 1;
			remoteGlobalIDString = 3F24E2B8217B166D00CD09FF;
			remoteInfo = HelloWorldONE;
		};
		3F24E2D9217B166E00CD09FF /* PBXContainerItemProxy */ = {
			isa = PBXContainerItemProxy;
			containerPortal = 3F24E2B1217B166D00CD09FF /* Project object */;
			proxyType = 1;
			remoteGlobalIDString = 3F24E2B8217B166D00CD09FF;
			remoteInfo = HelloWorldONE;
		};
/* End PBXContainerItemProxy section */

/* Begin PBXFileReference section */
		3F24E2B9217B166D00CD09FF /* HelloWorldONE.app */ = {isa = PBXFileReference; explicitFileType = wrapper.application; includeInIndex = 0; path = HelloWorldONE.app; sourceTree = BUILT_PRODUCTS_DIR; };
		3F24E2BC217B166D00CD09FF /* AppDelegate.swift */ = {isa = PBXFileReference; lastKnownFileType = sourcecode.swift; path = AppDelegate.swift; sourceTree = "<group>"; };
		3F24E2BE217B166D00CD09FF /* ViewController.swift */ = {isa = PBXFileReference; lastKnownFileType = sourcecode.swift; path = ViewController.swift; sourceTree = "<group>"; };
		3F24E2C1217B166D00CD09FF /* Base */ = {isa = PBXFileReference; lastKnownFileType = file.storyboard; name = Base; path = Base.lproj/Main.storyboard; sourceTree = "<group>"; };
		3F24E2C3217B166E00CD09FF /* Assets.xcassets */ = {isa = PBXFileReference; lastKnownFileType = folder.assetcatalog; path = Assets.xcassets; sourceTree = "<group>"; };
		3F24E2C6217B166E00CD09FF /* Base */ = {isa = PBXFileReference; lastKnownFileType = file.storyboard; name = Base; path = Base.lproj/LaunchScreen.storyboard; sourceTree = "<group>"; };
		3F24E2C8217B166E00CD09FF /* Info.plist */ = {isa = PBXFileReference; lastKnownFileType = text.plist.xml; path = Info.plist; sourceTree = "<group>"; };
		3F24E2CD217B166E00CD09FF /* HelloWorldONETests.xctest */ = {isa = PBXFileReference; explicitFileType = wrapper.cfbundle; includeInIndex = 0; path = HelloWorldONETests.xctest; sourceTree = BUILT_PRODUCTS_DIR; };
		3F24E2D1217B166E00CD09FF /* HelloWorldONETests.swift */ = {isa = PBXFileReference; lastKnownFileType = sourcecode.swift; path = HelloWorldONETests.swift; sourceTree = "<group>"; };
		3F24E2D3217B166E00CD09FF /* Info.plist */ = {isa = PBXFileReference; lastKnownFileType = text.plist.xml; path = Info.plist; sourceTree = "<group>"; };
		3F24E2D8217B166E00CD09FF /* HelloWorldONEUITests.xctest */ = {isa = PBXFileReference; explicitFileType = wrapper.cfbundle; includeInIndex = 0; path = HelloWorldONEUITests.xctest; sourceTree = BUILT_PRODUCTS_DIR; };
		3F24E2DC217B166E00CD09FF /* HelloWorldONEUITests.swift */ = {isa = PBXFileReference; lastKnownFileType = sourcecode.swift; path = HelloWorldONEUITests.swift; sourceTree = "<group>"; };
		3F24E2DE217B166E00CD09FF /* Info.plist */ = {isa = PBXFileReference; lastKnownFileType = text.plist.xml; path = Info.plist; sourceTree = "<group>"; };
/* End PBXFileReference section */

/* Begin PBXFrameworksBuildPhase section */
		3F24E2B6217B166D00CD09FF /* Frameworks */ = {
			isa = PBXFrameworksBuildPhase;
			buildActionMask = 2147483647;
			files = (
			);
			runOnlyForDeploymentPostprocessing = 0;
		};
		3F24E2CA217B166E00CD09FF /* Frameworks */ = {
			isa = PBXFrameworksBuildPhase;
			buildActionMask = 2147483647;
			files = (
			);
			runOnlyForDeploymentPostprocessing = 0;
		};
		3F24E2D5217B166E00CD09FF /* Frameworks */ = {
			isa = PBXFrameworksBuildPhase;
			buildActionMask = 2147483647;
			files = (
			);
			runOnlyForDeploymentPostprocessing = 0;
		};
/* End PBXFrameworksBuildPhase section */

/* Begin PBXGroup section */
		3F24E2B0217B166D00CD09FF = {
			isa = PBXGroup;
			children = (
				3F24E2BB217B166D00CD09FF /* HelloWorldONE */,
				3F24E2D0217B166E00CD09FF /* HelloWorldONETests */,
				3F24E2DB217B166E00CD09FF /* HelloWorldONEUITests */,
				3F24E2BA217B166D00CD09FF /* Products */,
			);
			sourceTree = "<group>";
		};
		3F24E2BA217B166D00CD09FF /* Products */ = {
			isa = PBXGroup;
			children = (
				3F24E2B9217B166D00CD09FF /* HelloWorldONE.app */,
				3F24E2CD217B166E00CD09FF /* HelloWorldONETests.xctest */,
				3F24E2D8217B166E00CD09FF /* HelloWorldONEUITests.xctest */,
			);
			name = Products;
			sourceTree = "<group>";
		};
		3F24E2BB217B166D00CD09FF /* HelloWorldONE */ = {
			isa = PBXGroup;
			children = (
				3F24E2BC217B166D00CD09FF /* AppDelegate.swift */,
				3F24E2BE217B166D00CD09FF /* ViewController.swift */,
				3F24E2C0217B166D00CD09FF /* Main.storyboard */,
				3F24E2C3217B166E00CD09FF /* Assets.xcassets */,
				3F24E2C5217B166E00CD09FF /* LaunchScreen.storyboard */,
				3F24E2C8217B166E00CD09FF /* Info.plist */,
			);
			path = HelloWorldONE;
			sourceTree = "<group>";
		};
		3F24E2D0217B166E00CD09FF /* HelloWorldONETests */ = {
			isa = PBXGroup;
			children = (
				3F24E2D1217B166E00CD09FF /* HelloWorldONETests.swift */,
				3F24E2D3217B166E00CD09FF /* Info.plist */,
			);
			path = HelloWorldONETests;
			sourceTree = "<group>";
		};
		3F24E2DB217B166E00CD09FF /* HelloWorldONEUITests */ = {
			isa = PBXGroup;
			children = (
				3F24E2DC217B166E00CD09FF /* HelloWorldONEUITests.swift */,
				3F24E2DE217B166E00CD09FF /* Info.plist */,
			);
			path = HelloWorldONEUITests;
			sourceTree = "<group>";
		};
/* End PBXGroup section */

/* Begin PBXNativeTarget section */
		3F24E2B8217B166D00CD09FF /* HelloWorldONE */ = {
			isa = PBXNativeTarget;
			buildConfigurationList = 3F24E2E1217B166E00CD09FF /* Build configuration list for PBXNativeTarget "HelloWorldONE" */;
			buildPhases = (
				3F24E2B5217B166D00CD09FF /* Sources */,
				3F24E2B6217B166D00CD09FF /* Frameworks */,
				3F24E2B7217B166D00CD09FF /* Resources */,
			);
			buildRules = (
			);
			dependencies = (
			);
			name = HelloWorldONE;
			productName = HelloWorldONE;
			productReference = 3F24E2B9217B166D00CD09FF /* HelloWorldONE.app */;
			productType = "com.apple.product-type.application";
		};
		3F24E2CC217B166E00CD09FF /* HelloWorldONETests */ = {
			isa = PBXNativeTarget;
			buildConfigurationList = 3F24E2E4217B166E00CD09FF /* Build configuration list for PBXNativeTarget "HelloWorldONETests" */;
			buildPhases = (
				3F24E2C9217B166E00CD09FF /* Sources */,
				3F24E2CA217B166E00CD09FF /* Frameworks */,
				3F24E2CB217B166E00CD09FF /* Resources */,
			);
			buildRules = (
			);
			dependencies = (
				3F24E2CF217B166E00CD09FF /* PBXTargetDependency */,
			);
			name = HelloWorldONETests;
			productName = HelloWorldONETests;
			productReference = 3F24E2CD217B166E00CD09FF /* HelloWorldONETests.xctest */;
			productType = "com.apple.product-type.bundle.unit-test";
		};
		3F24E2D7217B166E00CD09FF /* HelloWorldONEUITests */ = {
			isa = PBXNativeTarget;
			buildConfigurationList = 3F24E2E7217B166E00CD09FF /* Build configuration list for PBXNativeTarget "HelloWorldONEUITests" */;
			buildPhases = (
				3F24E2D4217B166E00CD09FF /* Sources */,
				3F24E2D5217B166E00CD09FF /* Frameworks */,
				3F24E2D6217B166E00CD09FF /* Resources */,
			);
			buildRules = (
			);
			dependencies = (
				3F24E2DA217B166E00CD09FF /* PBXTargetDependency */,
			);
			name = HelloWorldONEUITests;
			productName = HelloWorldONEUITests;
			productReference = 3F24E2D8217B166E00CD09FF /* HelloWorldONEUITests.xctest */;
			productType = "com.apple.product-type.bundle.ui-testing";
		};
/* End PBXNativeTarget section */

/* Begin PBXProject section */
		3F24E2B1217B166D00CD09FF /* Project object */ = {
			isa = PBXProject;
			attributes = {
				LastSwiftUpdateCheck = 0940;
				LastUpgradeCheck = 0940;
				ORGANIZATIONNAME = zhangfeng;
				TargetAttributes = {
					3F24E2B8217B166D00CD09FF = {
						CreatedOnToolsVersion = 9.4.1;
					};
					3F24E2CC217B166E00CD09FF = {
						CreatedOnToolsVersion = 9.4.1;
						TestTargetID = 3F24E2B8217B166D00CD09FF;
					};
					3F24E2D7217B166E00CD09FF = {
						CreatedOnToolsVersion = 9.4.1;
						TestTargetID = 3F24E2B8217B166D00CD09FF;
					};
				};
			};
			buildConfigurationList = 3F24E2B4217B166D00CD09FF /* Build configuration list for PBXProject "HelloWorldONE" */;
			compatibilityVersion = "Xcode 9.3";
			developmentRegion = en;
			hasScannedForEncodings = 0;
			knownRegions = (
				en,
				Base,
			);
			mainGroup = 3F24E2B0217B166D00CD09FF;
			productRefGroup = 3F24E2BA217B166D00CD09FF /* Products */;
			projectDirPath = "";
			projectRoot = "";
			targets = (
				3F24E2B8217B166D00CD09FF /* HelloWorldONE */,
				3F24E2CC217B166E00CD09FF /* HelloWorldONETests */,
				3F24E2D7217B166E00CD09FF /* HelloWorldONEUITests */,
			);
		};
/* End PBXProject section */

/* Begin PBXResourcesBuildPhase section */
		3F24E2B7217B166D00CD09FF /* Resources */ = {
			isa = PBXResourcesBuildPhase;
			buildActionMask = 2147483647;
			files = (
				3F24E2C7217B166E00CD09FF /* LaunchScreen.storyboard in Resources */,
				3F24E2C4217B166E00CD09FF /* Assets.xcassets in Resources */,
				3F24E2C2217B166D00CD09FF /* Main.storyboard in Resources */,
			);
			runOnlyForDeploymentPostprocessing = 0;
		};
		3F24E2CB217B166E00CD09FF /* Resources */ = {
			isa = PBXResourcesBuildPhase;
			buildActionMask = 2147483647;
			files = (
			);
			runOnlyForDeploymentPostprocessing = 0;
		};
		3F24E2D6217B166E00CD09FF /* Resources */ = {
			isa = PBXResourcesBuildPhase;
			buildActionMask = 2147483647;
			files = (
			);
			runOnlyForDeploymentPostprocessing = 0;
		};
/* End PBXResourcesBuildPhase section */

/* Begin PBXSourcesBuildPhase section */
		3F24E2B5217B166D00CD09FF /* Sources */ = {
			isa = PBXSourcesBuildPhase;
			buildActionMask = 2147483647;
			files = (
				3F24E2BF217B166D00CD09FF /* ViewController.swift in Sources */,
				3F24E2BD217B166D00CD09FF /* AppDelegate.swift in Sources */,
			);
			runOnlyForDeploymentPostprocessing = 0;
		};
		3F24E2C9217B166E00CD09FF /* Sources */ = {
			isa = PBXSourcesBuildPhase;
			buildActionMask = 2147483647;
			files = (
				3F24E2D2217B166E00CD09FF /* HelloWorldONETests.swift in Sources */,
			);
			runOnlyForDeploymentPostprocessing = 0;
		};
		3F24E2D4217B166E00CD09FF /* Sources */ = {
			isa = PBXSourcesBuildPhase;
			buildActionMask = 2147483647;
			files = (
				3F24E2DD217B166E00CD09FF /* HelloWorldONEUITests.swift in Sources */,
			);
			runOnlyForDeploymentPostprocessing = 0;
		};
/* End PBXSourcesBuildPhase section */

/* Begin PBXTargetDependency section */
		3F24E2CF217B166E00CD09FF /* PBXTargetDependency */ = {
			isa = PBXTargetDependency;
			target = 3F24E2B8217B166D00CD09FF /* HelloWorldONE */;
			targetProxy = 3F24E2CE217B166E00CD09FF /* PBXContainerItemProxy */;
		};
		3F24E2DA217B166E00CD09FF /* PBXTargetDependency */ = {
			isa = PBXTargetDependency;
			target = 3F24E2B8217B166D00CD09FF /* HelloWorldONE */;
			targetProxy = 3F24E2D9217B166E00CD09FF /* PBXContainerItemProxy */;
		};
/* End PBXTargetDependency section */

/* Begin PBXVariantGroup section */
		3F24E2C0217B166D00CD09FF /* Main.storyboard */ = {
			isa = PBXVariantGroup;
			children = (
				3F24E2C1217B166D00CD09FF /* Base */,
			);
			name = Main.storyboard;
			sourceTree = "<group>";
		};
		3F24E2C5217B166E00CD09FF /* LaunchScreen.storyboard */ = {
			isa = PBXVariantGroup;
			children = (
				3F24E2C6217B166E00CD09FF /* Base */,
			);
			name = LaunchScreen.storyboard;
			sourceTree = "<group>";
		};
/* End PBXVariantGroup section */

/* Begin XCBuildConfiguration section */
		3F24E2DF217B166E00CD09FF /* Debug */ = {
			isa = XCBuildConfiguration;
			buildSettings = {
				ALWAYS_SEARCH_USER_PATHS = NO;
				CLANG_ANALYZER_NONNULL = YES;
				CLANG_ANALYZER_NUMBER_OBJECT_CONVERSION = YES_AGGRESSIVE;
				CLANG_CXX_LANGUAGE_STANDARD = "gnu++14";
				CLANG_CXX_LIBRARY = "libc++";
				CLANG_ENABLE_MODULES = YES;
				CLANG_ENABLE_OBJC_ARC = YES;
				CLANG_ENABLE_OBJC_WEAK = YES;
				CLANG_WARN_BLOCK_CAPTURE_AUTORELEASING = YES;
				CLANG_WARN_BOOL_CONVERSION = YES;
				CLANG_WARN_COMMA = YES;
				CLANG_WARN_CONSTANT_CONVERSION = YES;
				CLANG_WARN_DEPRECATED_OBJC_IMPLEMENTATIONS = YES;
				CLANG_WARN_DIRECT_OBJC_ISA_USAGE = YES_ERROR;
				CLANG_WARN_DOCUMENTATION_COMMENTS = YES;
				CLANG_WARN_EMPTY_BODY = YES;
				CLANG_WARN_ENUM_CONVERSION = YES;
				CLANG_WARN_INFINITE_RECURSION = YES;
				CLANG_WARN_INT_CONVERSION = YES;
				CLANG_WARN_NON_LITERAL_NULL_CONVERSION = YES;
				CLANG_WARN_OBJC_IMPLICIT_RETAIN_SELF = YES;
				CLANG_WARN_OBJC_LITERAL_CONVERSION = YES;
				CLANG_WARN_OBJC_ROOT_CLASS = YES_ERROR;
				CLANG_WARN_RANGE_LOOP_ANALYSIS = YES;
				CLANG_WARN_STRICT_PROTOTYPES = YES;
				CLANG_WARN_SUSPICIOUS_MOVE = YES;
				CLANG_WARN_UNGUARDED_AVAILABILITY = YES_AGGRESSIVE;
				CLANG_WARN_UNREACHABLE_CODE = YES;
				CLANG_WARN__DUPLICATE_METHOD_MATCH = YES;
				CODE_SIGN_IDENTITY = "iPhone Developer";
				COPY_PHASE_STRIP = NO;
				DEBUG_INFORMATION_FORMAT = dwarf;
				ENABLE_STRICT_OBJC_MSGSEND = YES;
				ENABLE_TESTABILITY = YES;
				GCC_C_LANGUAGE_STANDARD = gnu11;
				GCC_DYNAMIC_NO_PIC = NO;
				GCC_NO_COMMON_BLOCKS = YES;
				GCC_OPTIMIZATION_LEVEL = 0;
				GCC_PREPROCESSOR_DEFINITIONS = (
					"DEBUG=1",
					"$(inherited)",
				);
				GCC_WARN_64_TO_32_BIT_CONVERSION = YES;
				GCC_WARN_ABOUT_RETURN_TYPE = YES_ERROR;
				GCC_WARN_UNDECLARED_SELECTOR = YES;
				GCC_WARN_UNINITIALIZED_AUTOS = YES_AGGRESSIVE;
				GCC_WARN_UNUSED_FUNCTION = YES;
				GCC_WARN_UNUSED_VARIABLE = YES;
				IPHONEOS_DEPLOYMENT_TARGET = 11.4;
				MTL_ENABLE_DEBUG_INFO = YES;
				ONLY_ACTIVE_ARCH = YES;
				SDKROOT = iphoneos;
				SWIFT_ACTIVE_COMPILATION_CONDITIONS = DEBUG;
				SWIFT_OPTIMIZATION_LEVEL = "-Onone";
			};
			name = Debug;
		};
		3F24E2E0217B166E00CD09FF /* Release */ = {
			isa = XCBuildConfiguration;
			buildSettings = {
				ALWAYS_SEARCH_USER_PATHS = NO;
				CLANG_ANALYZER_NONNULL = YES;
				CLANG_ANALYZER_NUMBER_OBJECT_CONVERSION = YES_AGGRESSIVE;
				CLANG_CXX_LANGUAGE_STANDARD = "gnu++14";
				CLANG_CXX_LIBRARY = "libc++";
				CLANG_ENABLE_MODULES = YES;
				CLANG_ENABLE_OBJC_ARC = YES;
				CLANG_ENABLE_OBJC_WEAK = YES;
				CLANG_WARN_BLOCK_CAPTURE_AUTORELEASING = YES;
				CLANG_WARN_BOOL_CONVERSION = YES;
				CLANG_WARN_COMMA = YES;
				CLANG_WARN_CONSTANT_CONVERSION = YES;
				CLANG_WARN_DEPRECATED_OBJC_IMPLEMENTATIONS = YES;
				CLANG_WARN_DIRECT_OBJC_ISA_USAGE = YES_ERROR;
				CLANG_WARN_DOCUMENTATION_COMMENTS = YES;
				CLANG_WARN_EMPTY_BODY = YES;
				CLANG_WARN_ENUM_CONVERSION = YES;
				CLANG_WARN_INFINITE_RECURSION = YES;
				CLANG_WARN_INT_CONVERSION = YES;
				CLANG_WARN_NON_LITERAL_NULL_CONVERSION = YES;
				CLANG_WARN_OBJC_IMPLICIT_RETAIN_SELF = YES;
				CLANG_WARN_OBJC_LITERAL_CONVERSION = YES;
				CLANG_WARN_OBJC_ROOT_CLASS = YES_ERROR;
				CLANG_WARN_RANGE_LOOP_ANALYSIS = YES;
				CLANG_WARN_STRICT_PROTOTYPES = YES;
				CLANG_WARN_SUSPICIOUS_MOVE = YES;
				CLANG_WARN_UNGUARDED_AVAILABILITY = YES_AGGRESSIVE;
				CLANG_WARN_UNREACHABLE_CODE = YES;
				CLANG_WARN__DUPLICATE_METHOD_MATCH = YES;
				CODE_SIGN_IDENTITY = "iPhone Developer";
				COPY_PHASE_STRIP = NO;
				DEBUG_INFORMATION_FORMAT = "dwarf-with-dsym";
				ENABLE_NS_ASSERTIONS = NO;
				ENABLE_STRICT_OBJC_MSGSEND = YES;
				GCC_C_LANGUAGE_STANDARD = gnu11;
				GCC_NO_COMMON_BLOCKS = YES;
				GCC_WARN_64_TO_32_BIT_CONVERSION = YES;
				GCC_WARN_ABOUT_RETURN_TYPE = YES_ERROR;
				GCC_WARN_UNDECLARED_SELECTOR = YES;
				GCC_WARN_UNINITIALIZED_AUTOS = YES_AGGRESSIVE;
				GCC_WARN_UNUSED_FUNCTION = YES;
				GCC_WARN_UNUSED_VARIABLE = YES;
				IPHONEOS_DEPLOYMENT_TARGET = 11.4;
				MTL_ENABLE_DEBUG_INFO = NO;
				SDKROOT = iphoneos;
				SWIFT_COMPILATION_MODE = wholemodule;
				SWIFT_OPTIMIZATION_LEVEL = "-O";
				VALIDATE_PRODUCT = YES;
			};
			name = Release;
		};
		3F24E2E2217B166E00CD09FF /* Debug */ = {
			isa = XCBuildConfiguration;
			buildSettings = {
				ASSETCATALOG_COMPILER_APPICON_NAME = AppIcon;
				CODE_SIGN_STYLE = Automatic;
				INFOPLIST_FILE = HelloWorldONE/Info.plist;
				LD_RUNPATH_SEARCH_PATHS = (
					"$(inherited)",
					"@executable_path/Frameworks",
				);
				PRODUCT_BUNDLE_IDENTIFIER = "-016110208.HelloWorldONE";
				PRODUCT_NAME = "$(TARGET_NAME)";
				SWIFT_VERSION = 4.0;
				TARGETED_DEVICE_FAMILY = "1,2";
			};
			name = Debug;
		};
		3F24E2E3217B166E00CD09FF /* Release */ = {
			isa = XCBuildConfiguration;
			buildSettings = {
				ASSETCATALOG_COMPILER_APPICON_NAME = AppIcon;
				CODE_SIGN_STYLE = Automatic;
				INFOPLIST_FILE = HelloWorldONE/Info.plist;
				LD_RUNPATH_SEARCH_PATHS = (
					"$(inherited)",
					"@executable_path/Frameworks",
				);
				PRODUCT_BUNDLE_IDENTIFIER = "-016110208.HelloWorldONE";
				PRODUCT_NAME = "$(TARGET_NAME)";
				SWIFT_VERSION = 4.0;
				TARGETED_DEVICE_FAMILY = "1,2";
			};
			name = Release;
		};
		3F24E2E5217B166E00CD09FF /* Debug */ = {
			isa = XCBuildConfiguration;
			buildSettings = {
				ALWAYS_EMBED_SWIFT_STANDARD_LIBRARIES = YES;
				BUNDLE_LOADER = "$(TEST_HOST)";
				CODE_SIGN_STYLE = Automatic;
				INFOPLIST_FILE = HelloWorldONETests/Info.plist;
				LD_RUNPATH_SEARCH_PATHS = (
					"$(inherited)",
					"@executable_path/Frameworks",
					"@loader_path/Frameworks",
				);
				PRODUCT_BUNDLE_IDENTIFIER = "-016110208.HelloWorldONETests";
				PRODUCT_NAME = "$(TARGET_NAME)";
				SWIFT_VERSION = 4.0;
				TARGETED_DEVICE_FAMILY = "1,2";
				TEST_HOST = "$(BUILT_PRODUCTS_DIR)/HelloWorldONE.app/HelloWorldONE";
			};
			name = Debug;
		};
		3F24E2E6217B166E00CD09FF /* Release */ = {
			isa = XCBuildConfiguration;
			buildSettings = {
				ALWAYS_EMBED_SWIFT_STANDARD_LIBRARIES = YES;
				BUNDLE_LOADER = "$(TEST_HOST)";
				CODE_SIGN_STYLE = Automatic;
				INFOPLIST_FILE = HelloWorldONETests/Info.plist;
				LD_RUNPATH_SEARCH_PATHS = (
					"$(inherited)",
					"@executable_path/Frameworks",
					"@loader_path/Frameworks",
				);
				PRODUCT_BUNDLE_IDENTIFIER = "-016110208.HelloWorldONETests";
				PRODUCT_NAME = "$(TARGET_NAME)";
				SWIFT_VERSION = 4.0;
				TARGETED_DEVICE_FAMILY = "1,2";
				TEST_HOST = "$(BUILT_PRODUCTS_DIR)/HelloWorldONE.app/HelloWorldONE";
			};
			name = Release;
		};
		3F24E2E8217B166E00CD09FF /* Debug */ = {
			isa = XCBuildConfiguration;
			buildSettings = {
				ALWAYS_EMBED_SWIFT_STANDARD_LIBRARIES = YES;
				CODE_SIGN_STYLE = Automatic;
				INFOPLIST_FILE = HelloWorldONEUITests/Info.plist;
				LD_RUNPATH_SEARCH_PATHS = (
					"$(inherited)",
					"@executable_path/Frameworks",
					"@loader_path/Frameworks",
				);
				PRODUCT_BUNDLE_IDENTIFIER = "-016110208.HelloWorldONEUITests";
				PRODUCT_NAME = "$(TARGET_NAME)";
				SWIFT_VERSION = 4.0;
				TARGETED_DEVICE_FAMILY = "1,2";
				TEST_TARGET_NAME = HelloWorldONE;
			};
			name = Debug;
		};
		3F24E2E9217B166E00CD09FF /* Release */ = {
			isa = XCBuildConfiguration;
			buildSettings = {
				ALWAYS_EMBED_SWIFT_STANDARD_LIBRARIES = YES;
				CODE_SIGN_STYLE = Automatic;
				INFOPLIST_FILE = HelloWorldONEUITests/Info.plist;
				LD_RUNPATH_SEARCH_PATHS = (
					"$(inherited)",
					"@executable_path/Frameworks",
					"@loader_path/Frameworks",
				);
				PRODUCT_BUNDLE_IDENTIFIER = "-016110208.HelloWorldONEUITests";
				PRODUCT_NAME = "$(TARGET_NAME)";
				SWIFT_VERSION = 4.0;
				TARGETED_DEVICE_FAMILY = "1,2";
				TEST_TARGET_NAME = HelloWorldONE;
			};
			name = Release;
		};
/* End XCBuildConfiguration section */

/* Begin XCConfigurationList section */
		3F24E2B4217B166D00CD09FF /* Build configuration list for PBXProject "HelloWorldONE" */ = {
			isa = XCConfigurationList;
			buildConfigurations = (
				3F24E2DF217B166E00CD09FF /* Debug */,
				3F24E2E0217B166E00CD09FF /* Release */,
			);
			defaultConfigurationIsVisible = 0;
			defaultConfigurationName = Release;
		};
		3F24E2E1217B166E00CD09FF /* Build configuration list for PBXNativeTarget "HelloWorldONE" */ = {
			isa = XCConfigurationList;
			buildConfigurations = (
				3F24E2E2217B166E00CD09FF /* Debug */,
				3F24E2E3217B166E00CD09FF /* Release */,
			);
			defaultConfigurationIsVisible = 0;
			defaultConfigurationName = Release;
		};
		3F24E2E4217B166E00CD09FF /* Build configuration list for PBXNativeTarget "HelloWorldONETests" */ = {
			isa = XCConfigurationList;
			buildConfigurations = (
				3F24E2E5217B166E00CD09FF /* Debug */,
				3F24E2E6217B166E00CD09FF /* Release */,
			);
			defaultConfigurationIsVisible = 0;
			defaultConfigurationName = Release;
		};
		3F24E2E7217B166E00CD09FF /* Build configuration list for PBXNativeTarget "HelloWorldONEUITests" */ = {
			isa = XCConfigurationList;
			buildConfigurations = (
				3F24E2E8217B166E00CD09FF /* Debug */,
				3F24E2E9217B166E00CD09FF /* Release */,
			);
			defaultConfigurationIsVisible = 0;
			defaultConfigurationName = Release;
		};
/* End XCConfigurationList section */
	};
	rootObject = 3F24E2B1217B166D00CD09FF /* Project object */;
}
