// !$*UTF8*$!
{
	archiveVersion = 1;
	classes = {
	};
	objectVersion = 50;
	objects = {

/* Begin PBXBuildFile section */
		3FD7C69321A540DF00F4E476 /* AppDelegate.swift in Sources */ = {isa = PBXBuildFile; fileRef = 3FD7C69221A540DF00F4E476 /* AppDelegate.swift */; };
		3FD7C69521A540DF00F4E476 /* ViewController.swift in Sources */ = {isa = PBXBuildFile; fileRef = 3FD7C69421A540DF00F4E476 /* ViewController.swift */; };
		3FD7C69821A540DF00F4E476 /* Main.storyboard in Resources */ = {isa = PBXBuildFile; fileRef = 3FD7C69621A540DF00F4E476 /* Main.storyboard */; };
		3FD7C69A21A540E000F4E476 /* Assets.xcassets in Resources */ = {isa = PBXBuildFile; fileRef = 3FD7C69921A540E000F4E476 /* Assets.xcassets */; };
		3FD7C69D21A540E000F4E476 /* LaunchScreen.storyboard in Resources */ = {isa = PBXBuildFile; fileRef = 3FD7C69B21A540E000F4E476 /* LaunchScreen.storyboard */; };
		3FD7C6A821A540E000F4E476 /* animationTests.swift in Sources */ = {isa = PBXBuildFile; fileRef = 3FD7C6A721A540E000F4E476 /* animationTests.swift */; };
		3FD7C6B321A540E000F4E476 /* animationUITests.swift in Sources */ = {isa = PBXBuildFile; fileRef = 3FD7C6B221A540E000F4E476 /* animationUITests.swift */; };
/* End PBXBuildFile section */

/* Begin PBXContainerItemProxy section */
		3FD7C6A421A540E000F4E476 /* PBXContainerItemProxy */ = {
			isa = PBXContainerItemProxy;
			containerPortal = 3FD7C68721A540DF00F4E476 /* Project object */;
			proxyType = 1;
			remoteGlobalIDString = 3FD7C68E21A540DF00F4E476;
			remoteInfo = animation;
		};
		3FD7C6AF21A540E000F4E476 /* PBXContainerItemProxy */ = {
			isa = PBXContainerItemProxy;
			containerPortal = 3FD7C68721A540DF00F4E476 /* Project object */;
			proxyType = 1;
			remoteGlobalIDString = 3FD7C68E21A540DF00F4E476;
			remoteInfo = animation;
		};
/* End PBXContainerItemProxy section */

/* Begin PBXFileReference section */
		3FD7C68F21A540DF00F4E476 /* animation.app */ = {isa = PBXFileReference; explicitFileType = wrapper.application; includeInIndex = 0; path = animation.app; sourceTree = BUILT_PRODUCTS_DIR; };
		3FD7C69221A540DF00F4E476 /* AppDelegate.swift */ = {isa = PBXFileReference; lastKnownFileType = sourcecode.swift; path = AppDelegate.swift; sourceTree = "<group>"; };
		3FD7C69421A540DF00F4E476 /* ViewController.swift */ = {isa = PBXFileReference; lastKnownFileType = sourcecode.swift; path = ViewController.swift; sourceTree = "<group>"; };
		3FD7C69721A540DF00F4E476 /* Base */ = {isa = PBXFileReference; lastKnownFileType = file.storyboard; name = Base; path = Base.lproj/Main.storyboard; sourceTree = "<group>"; };
		3FD7C69921A540E000F4E476 /* Assets.xcassets */ = {isa = PBXFileReference; lastKnownFileType = folder.assetcatalog; path = Assets.xcassets; sourceTree = "<group>"; };
		3FD7C69C21A540E000F4E476 /* Base */ = {isa = PBXFileReference; lastKnownFileType = file.storyboard; name = Base; path = Base.lproj/LaunchScreen.storyboard; sourceTree = "<group>"; };
		3FD7C69E21A540E000F4E476 /* Info.plist */ = {isa = PBXFileReference; lastKnownFileType = text.plist.xml; path = Info.plist; sourceTree = "<group>"; };
		3FD7C6A321A540E000F4E476 /* animationTests.xctest */ = {isa = PBXFileReference; explicitFileType = wrapper.cfbundle; includeInIndex = 0; path = animationTests.xctest; sourceTree = BUILT_PRODUCTS_DIR; };
		3FD7C6A721A540E000F4E476 /* animationTests.swift */ = {isa = PBXFileReference; lastKnownFileType = sourcecode.swift; path = animationTests.swift; sourceTree = "<group>"; };
		3FD7C6A921A540E000F4E476 /* Info.plist */ = {isa = PBXFileReference; lastKnownFileType = text.plist.xml; path = Info.plist; sourceTree = "<group>"; };
		3FD7C6AE21A540E000F4E476 /* animationUITests.xctest */ = {isa = PBXFileReference; explicitFileType = wrapper.cfbundle; includeInIndex = 0; path = animationUITests.xctest; sourceTree = BUILT_PRODUCTS_DIR; };
		3FD7C6B221A540E000F4E476 /* animationUITests.swift */ = {isa = PBXFileReference; lastKnownFileType = sourcecode.swift; path = animationUITests.swift; sourceTree = "<group>"; };
		3FD7C6B421A540E000F4E476 /* Info.plist */ = {isa = PBXFileReference; lastKnownFileType = text.plist.xml; path = Info.plist; sourceTree = "<group>"; };
/* End PBXFileReference section */

/* Begin PBXFrameworksBuildPhase section */
		3FD7C68C21A540DF00F4E476 /* Frameworks */ = {
			isa = PBXFrameworksBuildPhase;
			buildActionMask = 2147483647;
			files = (
			);
			runOnlyForDeploymentPostprocessing = 0;
		};
		3FD7C6A021A540E000F4E476 /* Frameworks */ = {
			isa = PBXFrameworksBuildPhase;
			buildActionMask = 2147483647;
			files = (
			);
			runOnlyForDeploymentPostprocessing = 0;
		};
		3FD7C6AB21A540E000F4E476 /* Frameworks */ = {
			isa = PBXFrameworksBuildPhase;
			buildActionMask = 2147483647;
			files = (
			);
			runOnlyForDeploymentPostprocessing = 0;
		};
/* End PBXFrameworksBuildPhase section */

/* Begin PBXGroup section */
		3FD7C68621A540DF00F4E476 = {
			isa = PBXGroup;
			children = (
				3FD7C69121A540DF00F4E476 /* animation */,
				3FD7C6A621A540E000F4E476 /* animationTests */,
				3FD7C6B121A540E000F4E476 /* animationUITests */,
				3FD7C69021A540DF00F4E476 /* Products */,
			);
			sourceTree = "<group>";
		};
		3FD7C69021A540DF00F4E476 /* Products */ = {
			isa = PBXGroup;
			children = (
				3FD7C68F21A540DF00F4E476 /* animation.app */,
				3FD7C6A321A540E000F4E476 /* animationTests.xctest */,
				3FD7C6AE21A540E000F4E476 /* animationUITests.xctest */,
			);
			name = Products;
			sourceTree = "<group>";
		};
		3FD7C69121A540DF00F4E476 /* animation */ = {
			isa = PBXGroup;
			children = (
				3FD7C69221A540DF00F4E476 /* AppDelegate.swift */,
				3FD7C69421A540DF00F4E476 /* ViewController.swift */,
				3FD7C69621A540DF00F4E476 /* Main.storyboard */,
				3FD7C69921A540E000F4E476 /* Assets.xcassets */,
				3FD7C69B21A540E000F4E476 /* LaunchScreen.storyboard */,
				3FD7C69E21A540E000F4E476 /* Info.plist */,
			);
			path = animation;
			sourceTree = "<group>";
		};
		3FD7C6A621A540E000F4E476 /* animationTests */ = {
			isa = PBXGroup;
			children = (
				3FD7C6A721A540E000F4E476 /* animationTests.swift */,
				3FD7C6A921A540E000F4E476 /* Info.plist */,
			);
			path = animationTests;
			sourceTree = "<group>";
		};
		3FD7C6B121A540E000F4E476 /* animationUITests */ = {
			isa = PBXGroup;
			children = (
				3FD7C6B221A540E000F4E476 /* animationUITests.swift */,
				3FD7C6B421A540E000F4E476 /* Info.plist */,
			);
			path = animationUITests;
			sourceTree = "<group>";
		};
/* End PBXGroup section */

/* Begin PBXNativeTarget section */
		3FD7C68E21A540DF00F4E476 /* animation */ = {
			isa = PBXNativeTarget;
			buildConfigurationList = 3FD7C6B721A540E000F4E476 /* Build configuration list for PBXNativeTarget "animation" */;
			buildPhases = (
				3FD7C68B21A540DF00F4E476 /* Sources */,
				3FD7C68C21A540DF00F4E476 /* Frameworks */,
				3FD7C68D21A540DF00F4E476 /* Resources */,
			);
			buildRules = (
			);
			dependencies = (
			);
			name = animation;
			productName = animation;
			productReference = 3FD7C68F21A540DF00F4E476 /* animation.app */;
			productType = "com.apple.product-type.application";
		};
		3FD7C6A221A540E000F4E476 /* animationTests */ = {
			isa = PBXNativeTarget;
			buildConfigurationList = 3FD7C6BA21A540E000F4E476 /* Build configuration list for PBXNativeTarget "animationTests" */;
			buildPhases = (
				3FD7C69F21A540E000F4E476 /* Sources */,
				3FD7C6A021A540E000F4E476 /* Frameworks */,
				3FD7C6A121A540E000F4E476 /* Resources */,
			);
			buildRules = (
			);
			dependencies = (
				3FD7C6A521A540E000F4E476 /* PBXTargetDependency */,
			);
			name = animationTests;
			productName = animationTests;
			productReference = 3FD7C6A321A540E000F4E476 /* animationTests.xctest */;
			productType = "com.apple.product-type.bundle.unit-test";
		};
		3FD7C6AD21A540E000F4E476 /* animationUITests */ = {
			isa = PBXNativeTarget;
			buildConfigurationList = 3FD7C6BD21A540E000F4E476 /* Build configuration list for PBXNativeTarget "animationUITests" */;
			buildPhases = (
				3FD7C6AA21A540E000F4E476 /* Sources */,
				3FD7C6AB21A540E000F4E476 /* Frameworks */,
				3FD7C6AC21A540E000F4E476 /* Resources */,
			);
			buildRules = (
			);
			dependencies = (
				3FD7C6B021A540E000F4E476 /* PBXTargetDependency */,
			);
			name = animationUITests;
			productName = animationUITests;
			productReference = 3FD7C6AE21A540E000F4E476 /* animationUITests.xctest */;
			productType = "com.apple.product-type.bundle.ui-testing";
		};
/* End PBXNativeTarget section */

/* Begin PBXProject section */
		3FD7C68721A540DF00F4E476 /* Project object */ = {
			isa = PBXProject;
			attributes = {
				LastSwiftUpdateCheck = 1000;
				LastUpgradeCheck = 1000;
				ORGANIZATIONNAME = zhangfeng;
				TargetAttributes = {
					3FD7C68E21A540DF00F4E476 = {
						CreatedOnToolsVersion = 10.0;
					};
					3FD7C6A221A540E000F4E476 = {
						CreatedOnToolsVersion = 10.0;
						TestTargetID = 3FD7C68E21A540DF00F4E476;
					};
					3FD7C6AD21A540E000F4E476 = {
						CreatedOnToolsVersion = 10.0;
						TestTargetID = 3FD7C68E21A540DF00F4E476;
					};
				};
			};
			buildConfigurationList = 3FD7C68A21A540DF00F4E476 /* Build configuration list for PBXProject "animation" */;
			compatibilityVersion = "Xcode 9.3";
			developmentRegion = en;
			hasScannedForEncodings = 0;
			knownRegions = (
				en,
				Base,
			);
			mainGroup = 3FD7C68621A540DF00F4E476;
			productRefGroup = 3FD7C69021A540DF00F4E476 /* Products */;
			projectDirPath = "";
			projectRoot = "";
			targets = (
				3FD7C68E21A540DF00F4E476 /* animation */,
				3FD7C6A221A540E000F4E476 /* animationTests */,
				3FD7C6AD21A540E000F4E476 /* animationUITests */,
			);
		};
/* End PBXProject section */

/* Begin PBXResourcesBuildPhase section */
		3FD7C68D21A540DF00F4E476 /* Resources */ = {
			isa = PBXResourcesBuildPhase;
			buildActionMask = 2147483647;
			files = (
				3FD7C69D21A540E000F4E476 /* LaunchScreen.storyboard in Resources */,
				3FD7C69A21A540E000F4E476 /* Assets.xcassets in Resources */,
				3FD7C69821A540DF00F4E476 /* Main.storyboard in Resources */,
			);
			runOnlyForDeploymentPostprocessing = 0;
		};
		3FD7C6A121A540E000F4E476 /* Resources */ = {
			isa = PBXResourcesBuildPhase;
			buildActionMask = 2147483647;
			files = (
			);
			runOnlyForDeploymentPostprocessing = 0;
		};
		3FD7C6AC21A540E000F4E476 /* Resources */ = {
			isa = PBXResourcesBuildPhase;
			buildActionMask = 2147483647;
			files = (
			);
			runOnlyForDeploymentPostprocessing = 0;
		};
/* End PBXResourcesBuildPhase section */

/* Begin PBXSourcesBuildPhase section */
		3FD7C68B21A540DF00F4E476 /* Sources */ = {
			isa = PBXSourcesBuildPhase;
			buildActionMask = 2147483647;
			files = (
				3FD7C69521A540DF00F4E476 /* ViewController.swift in Sources */,
				3FD7C69321A540DF00F4E476 /* AppDelegate.swift in Sources */,
			);
			runOnlyForDeploymentPostprocessing = 0;
		};
		3FD7C69F21A540E000F4E476 /* Sources */ = {
			isa = PBXSourcesBuildPhase;
			buildActionMask = 2147483647;
			files = (
				3FD7C6A821A540E000F4E476 /* animationTests.swift in Sources */,
			);
			runOnlyForDeploymentPostprocessing = 0;
		};
		3FD7C6AA21A540E000F4E476 /* Sources */ = {
			isa = PBXSourcesBuildPhase;
			buildActionMask = 2147483647;
			files = (
				3FD7C6B321A540E000F4E476 /* animationUITests.swift in Sources */,
			);
			runOnlyForDeploymentPostprocessing = 0;
		};
/* End PBXSourcesBuildPhase section */

/* Begin PBXTargetDependency section */
		3FD7C6A521A540E000F4E476 /* PBXTargetDependency */ = {
			isa = PBXTargetDependency;
			target = 3FD7C68E21A540DF00F4E476 /* animation */;
			targetProxy = 3FD7C6A421A540E000F4E476 /* PBXContainerItemProxy */;
		};
		3FD7C6B021A540E000F4E476 /* PBXTargetDependency */ = {
			isa = PBXTargetDependency;
			target = 3FD7C68E21A540DF00F4E476 /* animation */;
			targetProxy = 3FD7C6AF21A540E000F4E476 /* PBXContainerItemProxy */;
		};
/* End PBXTargetDependency section */

/* Begin PBXVariantGroup section */
		3FD7C69621A540DF00F4E476 /* Main.storyboard */ = {
			isa = PBXVariantGroup;
			children = (
				3FD7C69721A540DF00F4E476 /* Base */,
			);
			name = Main.storyboard;
			sourceTree = "<group>";
		};
		3FD7C69B21A540E000F4E476 /* LaunchScreen.storyboard */ = {
			isa = PBXVariantGroup;
			children = (
				3FD7C69C21A540E000F4E476 /* Base */,
			);
			name = LaunchScreen.storyboard;
			sourceTree = "<group>";
		};
/* End PBXVariantGroup section */

/* Begin XCBuildConfiguration section */
		3FD7C6B521A540E000F4E476 /* Debug */ = {
			isa = XCBuildConfiguration;
			buildSettings = {
				ALWAYS_SEARCH_USER_PATHS = NO;
				CLANG_ANALYZER_NONNULL = YES;
				CLANG_ANALYZER_NUMBER_OBJECT_CONVERSION = YES_AGGRESSIVE;
				CLANG_CXX_LANGUAGE_STANDARD = "gnu++14";
				CLANG_CXX_LIBRARY = "libc++";
				CLANG_ENABLE_MODULES = YES;
				CLANG_ENABLE_OBJC_ARC = YES;
				CLANG_ENABLE_OBJC_WEAK = YES;
				CLANG_WARN_BLOCK_CAPTURE_AUTORELEASING = YES;
				CLANG_WARN_BOOL_CONVERSION = YES;
				CLANG_WARN_COMMA = YES;
				CLANG_WARN_CONSTANT_CONVERSION = YES;
				CLANG_WARN_DEPRECATED_OBJC_IMPLEMENTATIONS = YES;
				CLANG_WARN_DIRECT_OBJC_ISA_USAGE = YES_ERROR;
				CLANG_WARN_DOCUMENTATION_COMMENTS = YES;
				CLANG_WARN_EMPTY_BODY = YES;
				CLANG_WARN_ENUM_CONVERSION = YES;
				CLANG_WARN_INFINITE_RECURSION = YES;
				CLANG_WARN_INT_CONVERSION = YES;
				CLANG_WARN_NON_LITERAL_NULL_CONVERSION = YES;
				CLANG_WARN_OBJC_IMPLICIT_RETAIN_SELF = YES;
				CLANG_WARN_OBJC_LITERAL_CONVERSION = YES;
				CLANG_WARN_OBJC_ROOT_CLASS = YES_ERROR;
				CLANG_WARN_RANGE_LOOP_ANALYSIS = YES;
				CLANG_WARN_STRICT_PROTOTYPES = YES;
				CLANG_WARN_SUSPICIOUS_MOVE = YES;
				CLANG_WARN_UNGUARDED_AVAILABILITY = YES_AGGRESSIVE;
				CLANG_WARN_UNREACHABLE_CODE = YES;
				CLANG_WARN__DUPLICATE_METHOD_MATCH = YES;
				CODE_SIGN_IDENTITY = "iPhone Developer";
				COPY_PHASE_STRIP = NO;
				DEBUG_INFORMATION_FORMAT = dwarf;
				ENABLE_STRICT_OBJC_MSGSEND = YES;
				ENABLE_TESTABILITY = YES;
				GCC_C_LANGUAGE_STANDARD = gnu11;
				GCC_DYNAMIC_NO_PIC = NO;
				GCC_NO_COMMON_BLOCKS = YES;
				GCC_OPTIMIZATION_LEVEL = 0;
				GCC_PREPROCESSOR_DEFINITIONS = (
					"DEBUG=1",
					"$(inherited)",
				);
				GCC_WARN_64_TO_32_BIT_CONVERSION = YES;
				GCC_WARN_ABOUT_RETURN_TYPE = YES_ERROR;
				GCC_WARN_UNDECLARED_SELECTOR = YES;
				GCC_WARN_UNINITIALIZED_AUTOS = YES_AGGRESSIVE;
				GCC_WARN_UNUSED_FUNCTION = YES;
				GCC_WARN_UNUSED_VARIABLE = YES;
				IPHONEOS_DEPLOYMENT_TARGET = 12.0;
				MTL_ENABLE_DEBUG_INFO = INCLUDE_SOURCE;
				MTL_FAST_MATH = YES;
				ONLY_ACTIVE_ARCH = YES;
				SDKROOT = iphoneos;
				SWIFT_ACTIVE_COMPILATION_CONDITIONS = DEBUG;
				SWIFT_OPTIMIZATION_LEVEL = "-Onone";
			};
			name = Debug;
		};
		3FD7C6B621A540E000F4E476 /* Release */ = {
			isa = XCBuildConfiguration;
			buildSettings = {
				ALWAYS_SEARCH_USER_PATHS = NO;
				CLANG_ANALYZER_NONNULL = YES;
				CLANG_ANALYZER_NUMBER_OBJECT_CONVERSION = YES_AGGRESSIVE;
				CLANG_CXX_LANGUAGE_STANDARD = "gnu++14";
				CLANG_CXX_LIBRARY = "libc++";
				CLANG_ENABLE_MODULES = YES;
				CLANG_ENABLE_OBJC_ARC = YES;
				CLANG_ENABLE_OBJC_WEAK = YES;
				CLANG_WARN_BLOCK_CAPTURE_AUTORELEASING = YES;
				CLANG_WARN_BOOL_CONVERSION = YES;
				CLANG_WARN_COMMA = YES;
				CLANG_WARN_CONSTANT_CONVERSION = YES;
				CLANG_WARN_DEPRECATED_OBJC_IMPLEMENTATIONS = YES;
				CLANG_WARN_DIRECT_OBJC_ISA_USAGE = YES_ERROR;
				CLANG_WARN_DOCUMENTATION_COMMENTS = YES;
				CLANG_WARN_EMPTY_BODY = YES;
				CLANG_WARN_ENUM_CONVERSION = YES;
				CLANG_WARN_INFINITE_RECURSION = YES;
				CLANG_WARN_INT_CONVERSION = YES;
				CLANG_WARN_NON_LITERAL_NULL_CONVERSION = YES;
				CLANG_WARN_OBJC_IMPLICIT_RETAIN_SELF = YES;
				CLANG_WARN_OBJC_LITERAL_CONVERSION = YES;
				CLANG_WARN_OBJC_ROOT_CLASS = YES_ERROR;
				CLANG_WARN_RANGE_LOOP_ANALYSIS = YES;
				CLANG_WARN_STRICT_PROTOTYPES = YES;
				CLANG_WARN_SUSPICIOUS_MOVE = YES;
				CLANG_WARN_UNGUARDED_AVAILABILITY = YES_AGGRESSIVE;
				CLANG_WARN_UNREACHABLE_CODE = YES;
				CLANG_WARN__DUPLICATE_METHOD_MATCH = YES;
				CODE_SIGN_IDENTITY = "iPhone Developer";
				COPY_PHASE_STRIP = NO;
				DEBUG_INFORMATION_FORMAT = "dwarf-with-dsym";
				ENABLE_NS_ASSERTIONS = NO;
				ENABLE_STRICT_OBJC_MSGSEND = YES;
				GCC_C_LANGUAGE_STANDARD = gnu11;
				GCC_NO_COMMON_BLOCKS = YES;
				GCC_WARN_64_TO_32_BIT_CONVERSION = YES;
				GCC_WARN_ABOUT_RETURN_TYPE = YES_ERROR;
				GCC_WARN_UNDECLARED_SELECTOR = YES;
				GCC_WARN_UNINITIALIZED_AUTOS = YES_AGGRESSIVE;
				GCC_WARN_UNUSED_FUNCTION = YES;
				GCC_WARN_UNUSED_VARIABLE = YES;
				IPHONEOS_DEPLOYMENT_TARGET = 12.0;
				MTL_ENABLE_DEBUG_INFO = NO;
				MTL_FAST_MATH = YES;
				SDKROOT = iphoneos;
				SWIFT_COMPILATION_MODE = wholemodule;
				SWIFT_OPTIMIZATION_LEVEL = "-O";
				VALIDATE_PRODUCT = YES;
			};
			name = Release;
		};
		3FD7C6B821A540E000F4E476 /* Debug */ = {
			isa = XCBuildConfiguration;
			buildSettings = {
				ASSETCATALOG_COMPILER_APPICON_NAME = AppIcon;
				CODE_SIGN_STYLE = Automatic;
				INFOPLIST_FILE = animation/Info.plist;
				LD_RUNPATH_SEARCH_PATHS = (
					"$(inherited)",
					"@executable_path/Frameworks",
				);
				PRODUCT_BUNDLE_IDENTIFIER = "-016110451.animation";
				PRODUCT_NAME = "$(TARGET_NAME)";
				SWIFT_VERSION = 4.2;
				TARGETED_DEVICE_FAMILY = "1,2";
			};
			name = Debug;
		};
		3FD7C6B921A540E000F4E476 /* Release */ = {
			isa = XCBuildConfiguration;
			buildSettings = {
				ASSETCATALOG_COMPILER_APPICON_NAME = AppIcon;
				CODE_SIGN_STYLE = Automatic;
				INFOPLIST_FILE = animation/Info.plist;
				LD_RUNPATH_SEARCH_PATHS = (
					"$(inherited)",
					"@executable_path/Frameworks",
				);
				PRODUCT_BUNDLE_IDENTIFIER = "-016110451.animation";
				PRODUCT_NAME = "$(TARGET_NAME)";
				SWIFT_VERSION = 4.2;
				TARGETED_DEVICE_FAMILY = "1,2";
			};
			name = Release;
		};
		3FD7C6BB21A540E000F4E476 /* Debug */ = {
			isa = XCBuildConfiguration;
			buildSettings = {
				ALWAYS_EMBED_SWIFT_STANDARD_LIBRARIES = YES;
				BUNDLE_LOADER = "$(TEST_HOST)";
				CODE_SIGN_STYLE = Automatic;
				INFOPLIST_FILE = animationTests/Info.plist;
				LD_RUNPATH_SEARCH_PATHS = (
					"$(inherited)",
					"@executable_path/Frameworks",
					"@loader_path/Frameworks",
				);
				PRODUCT_BUNDLE_IDENTIFIER = "-016110451.animationTests";
				PRODUCT_NAME = "$(TARGET_NAME)";
				SWIFT_VERSION = 4.2;
				TARGETED_DEVICE_FAMILY = "1,2";
				TEST_HOST = "$(BUILT_PRODUCTS_DIR)/animation.app/animation";
			};
			name = Debug;
		};
		3FD7C6BC21A540E000F4E476 /* Release */ = {
			isa = XCBuildConfiguration;
			buildSettings = {
				ALWAYS_EMBED_SWIFT_STANDARD_LIBRARIES = YES;
				BUNDLE_LOADER = "$(TEST_HOST)";
				CODE_SIGN_STYLE = Automatic;
				INFOPLIST_FILE = animationTests/Info.plist;
				LD_RUNPATH_SEARCH_PATHS = (
					"$(inherited)",
					"@executable_path/Frameworks",
					"@loader_path/Frameworks",
				);
				PRODUCT_BUNDLE_IDENTIFIER = "-016110451.animationTests";
				PRODUCT_NAME = "$(TARGET_NAME)";
				SWIFT_VERSION = 4.2;
				TARGETED_DEVICE_FAMILY = "1,2";
				TEST_HOST = "$(BUILT_PRODUCTS_DIR)/animation.app/animation";
			};
			name = Release;
		};
		3FD7C6BE21A540E000F4E476 /* Debug */ = {
			isa = XCBuildConfiguration;
			buildSettings = {
				ALWAYS_EMBED_SWIFT_STANDARD_LIBRARIES = YES;
				CODE_SIGN_STYLE = Automatic;
				INFOPLIST_FILE = animationUITests/Info.plist;
				LD_RUNPATH_SEARCH_PATHS = (
					"$(inherited)",
					"@executable_path/Frameworks",
					"@loader_path/Frameworks",
				);
				PRODUCT_BUNDLE_IDENTIFIER = "-016110451.animationUITests";
				PRODUCT_NAME = "$(TARGET_NAME)";
				SWIFT_VERSION = 4.2;
				TARGETED_DEVICE_FAMILY = "1,2";
				TEST_TARGET_NAME = animation;
			};
			name = Debug;
		};
		3FD7C6BF21A540E000F4E476 /* Release */ = {
			isa = XCBuildConfiguration;
			buildSettings = {
				ALWAYS_EMBED_SWIFT_STANDARD_LIBRARIES = YES;
				CODE_SIGN_STYLE = Automatic;
				INFOPLIST_FILE = animationUITests/Info.plist;
				LD_RUNPATH_SEARCH_PATHS = (
					"$(inherited)",
					"@executable_path/Frameworks",
					"@loader_path/Frameworks",
				);
				PRODUCT_BUNDLE_IDENTIFIER = "-016110451.animationUITests";
				PRODUCT_NAME = "$(TARGET_NAME)";
				SWIFT_VERSION = 4.2;
				TARGETED_DEVICE_FAMILY = "1,2";
				TEST_TARGET_NAME = animation;
			};
			name = Release;
		};
/* End XCBuildConfiguration section */

/* Begin XCConfigurationList section */
		3FD7C68A21A540DF00F4E476 /* Build configuration list for PBXProject "animation" */ = {
			isa = XCConfigurationList;
			buildConfigurations = (
				3FD7C6B521A540E000F4E476 /* Debug */,
				3FD7C6B621A540E000F4E476 /* Release */,
			);
			defaultConfigurationIsVisible = 0;
			defaultConfigurationName = Release;
		};
		3FD7C6B721A540E000F4E476 /* Build configuration list for PBXNativeTarget "animation" */ = {
			isa = XCConfigurationList;
			buildConfigurations = (
				3FD7C6B821A540E000F4E476 /* Debug */,
				3FD7C6B921A540E000F4E476 /* Release */,
			);
			defaultConfigurationIsVisible = 0;
			defaultConfigurationName = Release;
		};
		3FD7C6BA21A540E000F4E476 /* Build configuration list for PBXNativeTarget "animationTests" */ = {
			isa = XCConfigurationList;
			buildConfigurations = (
				3FD7C6BB21A540E000F4E476 /* Debug */,
				3FD7C6BC21A540E000F4E476 /* Release */,
			);
			defaultConfigurationIsVisible = 0;
			defaultConfigurationName = Release;
		};
		3FD7C6BD21A540E000F4E476 /* Build configuration list for PBXNativeTarget "animationUITests" */ = {
			isa = XCConfigurationList;
			buildConfigurations = (
				3FD7C6BE21A540E000F4E476 /* Debug */,
				3FD7C6BF21A540E000F4E476 /* Release */,
			);
			defaultConfigurationIsVisible = 0;
			defaultConfigurationName = Release;
		};
/* End XCConfigurationList section */
	};
	rootObject = 3FD7C68721A540DF00F4E476 /* Project object */;
}
