// !$*UTF8*$!
{
	archiveVersion = 1;
	classes = {
	};
	objectVersion = 50;
	objects = {

/* Begin PBXBuildFile section */
		3F026A762189840200CC92C4 /* AppDelegate.swift in Sources */ = {isa = PBXBuildFile; fileRef = 3F026A752189840200CC92C4 /* AppDelegate.swift */; };
		3F026A782189840200CC92C4 /* ViewController.swift in Sources */ = {isa = PBXBuildFile; fileRef = 3F026A772189840200CC92C4 /* ViewController.swift */; };
		3F026A7B2189840200CC92C4 /* Main.storyboard in Resources */ = {isa = PBXBuildFile; fileRef = 3F026A792189840200CC92C4 /* Main.storyboard */; };
		3F026A7D2189840300CC92C4 /* Assets.xcassets in Resources */ = {isa = PBXBuildFile; fileRef = 3F026A7C2189840300CC92C4 /* Assets.xcassets */; };
		3F026A802189840300CC92C4 /* LaunchScreen.storyboard in Resources */ = {isa = PBXBuildFile; fileRef = 3F026A7E2189840300CC92C4 /* LaunchScreen.storyboard */; };
		3F026A8B2189840300CC92C4 /* Task_8Tests.swift in Sources */ = {isa = PBXBuildFile; fileRef = 3F026A8A2189840300CC92C4 /* Task_8Tests.swift */; };
		3F026A962189840300CC92C4 /* Task_8UITests.swift in Sources */ = {isa = PBXBuildFile; fileRef = 3F026A952189840300CC92C4 /* Task_8UITests.swift */; };
		3F026AA42189A23B00CC92C4 /* StudentTableViewCell.swift in Sources */ = {isa = PBXBuildFile; fileRef = 3F026AA32189A23B00CC92C4 /* StudentTableViewCell.swift */; };
		3F026AA62189A95900CC92C4 /* Student.swift in Sources */ = {isa = PBXBuildFile; fileRef = 3F026AA52189A95900CC92C4 /* Student.swift */; };
/* End PBXBuildFile section */

/* Begin PBXContainerItemProxy section */
		3F026A872189840300CC92C4 /* PBXContainerItemProxy */ = {
			isa = PBXContainerItemProxy;
			containerPortal = 3F026A6A2189840200CC92C4 /* Project object */;
			proxyType = 1;
			remoteGlobalIDString = 3F026A712189840200CC92C4;
			remoteInfo = "Task-8";
		};
		3F026A922189840300CC92C4 /* PBXContainerItemProxy */ = {
			isa = PBXContainerItemProxy;
			containerPortal = 3F026A6A2189840200CC92C4 /* Project object */;
			proxyType = 1;
			remoteGlobalIDString = 3F026A712189840200CC92C4;
			remoteInfo = "Task-8";
		};
/* End PBXContainerItemProxy section */

/* Begin PBXFileReference section */
		3F026A722189840200CC92C4 /* Task-8.app */ = {isa = PBXFileReference; explicitFileType = wrapper.application; includeInIndex = 0; path = "Task-8.app"; sourceTree = BUILT_PRODUCTS_DIR; };
		3F026A752189840200CC92C4 /* AppDelegate.swift */ = {isa = PBXFileReference; lastKnownFileType = sourcecode.swift; path = AppDelegate.swift; sourceTree = "<group>"; };
		3F026A772189840200CC92C4 /* ViewController.swift */ = {isa = PBXFileReference; lastKnownFileType = sourcecode.swift; path = ViewController.swift; sourceTree = "<group>"; };
		3F026A7A2189840200CC92C4 /* Base */ = {isa = PBXFileReference; lastKnownFileType = file.storyboard; name = Base; path = Base.lproj/Main.storyboard; sourceTree = "<group>"; };
		3F026A7C2189840300CC92C4 /* Assets.xcassets */ = {isa = PBXFileReference; lastKnownFileType = folder.assetcatalog; path = Assets.xcassets; sourceTree = "<group>"; };
		3F026A7F2189840300CC92C4 /* Base */ = {isa = PBXFileReference; lastKnownFileType = file.storyboard; name = Base; path = Base.lproj/LaunchScreen.storyboard; sourceTree = "<group>"; };
		3F026A812189840300CC92C4 /* Info.plist */ = {isa = PBXFileReference; lastKnownFileType = text.plist.xml; path = Info.plist; sourceTree = "<group>"; };
		3F026A862189840300CC92C4 /* Task-8Tests.xctest */ = {isa = PBXFileReference; explicitFileType = wrapper.cfbundle; includeInIndex = 0; path = "Task-8Tests.xctest"; sourceTree = BUILT_PRODUCTS_DIR; };
		3F026A8A2189840300CC92C4 /* Task_8Tests.swift */ = {isa = PBXFileReference; lastKnownFileType = sourcecode.swift; path = Task_8Tests.swift; sourceTree = "<group>"; };
		3F026A8C2189840300CC92C4 /* Info.plist */ = {isa = PBXFileReference; lastKnownFileType = text.plist.xml; path = Info.plist; sourceTree = "<group>"; };
		3F026A912189840300CC92C4 /* Task-8UITests.xctest */ = {isa = PBXFileReference; explicitFileType = wrapper.cfbundle; includeInIndex = 0; path = "Task-8UITests.xctest"; sourceTree = BUILT_PRODUCTS_DIR; };
		3F026A952189840300CC92C4 /* Task_8UITests.swift */ = {isa = PBXFileReference; lastKnownFileType = sourcecode.swift; path = Task_8UITests.swift; sourceTree = "<group>"; };
		3F026A972189840300CC92C4 /* Info.plist */ = {isa = PBXFileReference; lastKnownFileType = text.plist.xml; path = Info.plist; sourceTree = "<group>"; };
		3F026AA32189A23B00CC92C4 /* StudentTableViewCell.swift */ = {isa = PBXFileReference; lastKnownFileType = sourcecode.swift; path = StudentTableViewCell.swift; sourceTree = "<group>"; };
		3F026AA52189A95900CC92C4 /* Student.swift */ = {isa = PBXFileReference; lastKnownFileType = sourcecode.swift; path = Student.swift; sourceTree = "<group>"; };
/* End PBXFileReference section */

/* Begin PBXFrameworksBuildPhase section */
		3F026A6F2189840200CC92C4 /* Frameworks */ = {
			isa = PBXFrameworksBuildPhase;
			buildActionMask = 2147483647;
			files = (
			);
			runOnlyForDeploymentPostprocessing = 0;
		};
		3F026A832189840300CC92C4 /* Frameworks */ = {
			isa = PBXFrameworksBuildPhase;
			buildActionMask = 2147483647;
			files = (
			);
			runOnlyForDeploymentPostprocessing = 0;
		};
		3F026A8E2189840300CC92C4 /* Frameworks */ = {
			isa = PBXFrameworksBuildPhase;
			buildActionMask = 2147483647;
			files = (
			);
			runOnlyForDeploymentPostprocessing = 0;
		};
/* End PBXFrameworksBuildPhase section */

/* Begin PBXGroup section */
		3F026A692189840200CC92C4 = {
			isa = PBXGroup;
			children = (
				3F026A742189840200CC92C4 /* Task-8 */,
				3F026A892189840300CC92C4 /* Task-8Tests */,
				3F026A942189840300CC92C4 /* Task-8UITests */,
				3F026A732189840200CC92C4 /* Products */,
			);
			sourceTree = "<group>";
		};
		3F026A732189840200CC92C4 /* Products */ = {
			isa = PBXGroup;
			children = (
				3F026A722189840200CC92C4 /* Task-8.app */,
				3F026A862189840300CC92C4 /* Task-8Tests.xctest */,
				3F026A912189840300CC92C4 /* Task-8UITests.xctest */,
			);
			name = Products;
			sourceTree = "<group>";
		};
		3F026A742189840200CC92C4 /* Task-8 */ = {
			isa = PBXGroup;
			children = (
				3F026A752189840200CC92C4 /* AppDelegate.swift */,
				3F026A772189840200CC92C4 /* ViewController.swift */,
				3F026A792189840200CC92C4 /* Main.storyboard */,
				3F026AA32189A23B00CC92C4 /* StudentTableViewCell.swift */,
				3F026AA52189A95900CC92C4 /* Student.swift */,
				3F026A7C2189840300CC92C4 /* Assets.xcassets */,
				3F026A7E2189840300CC92C4 /* LaunchScreen.storyboard */,
				3F026A812189840300CC92C4 /* Info.plist */,
			);
			path = "Task-8";
			sourceTree = "<group>";
		};
		3F026A892189840300CC92C4 /* Task-8Tests */ = {
			isa = PBXGroup;
			children = (
				3F026A8A2189840300CC92C4 /* Task_8Tests.swift */,
				3F026A8C2189840300CC92C4 /* Info.plist */,
			);
			path = "Task-8Tests";
			sourceTree = "<group>";
		};
		3F026A942189840300CC92C4 /* Task-8UITests */ = {
			isa = PBXGroup;
			children = (
				3F026A952189840300CC92C4 /* Task_8UITests.swift */,
				3F026A972189840300CC92C4 /* Info.plist */,
			);
			path = "Task-8UITests";
			sourceTree = "<group>";
		};
/* End PBXGroup section */

/* Begin PBXNativeTarget section */
		3F026A712189840200CC92C4 /* Task-8 */ = {
			isa = PBXNativeTarget;
			buildConfigurationList = 3F026A9A2189840300CC92C4 /* Build configuration list for PBXNativeTarget "Task-8" */;
			buildPhases = (
				3F026A6E2189840200CC92C4 /* Sources */,
				3F026A6F2189840200CC92C4 /* Frameworks */,
				3F026A702189840200CC92C4 /* Resources */,
			);
			buildRules = (
			);
			dependencies = (
			);
			name = "Task-8";
			productName = "Task-8";
			productReference = 3F026A722189840200CC92C4 /* Task-8.app */;
			productType = "com.apple.product-type.application";
		};
		3F026A852189840300CC92C4 /* Task-8Tests */ = {
			isa = PBXNativeTarget;
			buildConfigurationList = 3F026A9D2189840300CC92C4 /* Build configuration list for PBXNativeTarget "Task-8Tests" */;
			buildPhases = (
				3F026A822189840300CC92C4 /* Sources */,
				3F026A832189840300CC92C4 /* Frameworks */,
				3F026A842189840300CC92C4 /* Resources */,
			);
			buildRules = (
			);
			dependencies = (
				3F026A882189840300CC92C4 /* PBXTargetDependency */,
			);
			name = "Task-8Tests";
			productName = "Task-8Tests";
			productReference = 3F026A862189840300CC92C4 /* Task-8Tests.xctest */;
			productType = "com.apple.product-type.bundle.unit-test";
		};
		3F026A902189840300CC92C4 /* Task-8UITests */ = {
			isa = PBXNativeTarget;
			buildConfigurationList = 3F026AA02189840300CC92C4 /* Build configuration list for PBXNativeTarget "Task-8UITests" */;
			buildPhases = (
				3F026A8D2189840300CC92C4 /* Sources */,
				3F026A8E2189840300CC92C4 /* Frameworks */,
				3F026A8F2189840300CC92C4 /* Resources */,
			);
			buildRules = (
			);
			dependencies = (
				3F026A932189840300CC92C4 /* PBXTargetDependency */,
			);
			name = "Task-8UITests";
			productName = "Task-8UITests";
			productReference = 3F026A912189840300CC92C4 /* Task-8UITests.xctest */;
			productType = "com.apple.product-type.bundle.ui-testing";
		};
/* End PBXNativeTarget section */

/* Begin PBXProject section */
		3F026A6A2189840200CC92C4 /* Project object */ = {
			isa = PBXProject;
			attributes = {
				LastSwiftUpdateCheck = 1000;
				LastUpgradeCheck = 1000;
				ORGANIZATIONNAME = zhangfeng;
				TargetAttributes = {
					3F026A712189840200CC92C4 = {
						CreatedOnToolsVersion = 10.0;
					};
					3F026A852189840300CC92C4 = {
						CreatedOnToolsVersion = 10.0;
						TestTargetID = 3F026A712189840200CC92C4;
					};
					3F026A902189840300CC92C4 = {
						CreatedOnToolsVersion = 10.0;
						TestTargetID = 3F026A712189840200CC92C4;
					};
				};
			};
			buildConfigurationList = 3F026A6D2189840200CC92C4 /* Build configuration list for PBXProject "Task-8" */;
			compatibilityVersion = "Xcode 9.3";
			developmentRegion = en;
			hasScannedForEncodings = 0;
			knownRegions = (
				en,
				Base,
			);
			mainGroup = 3F026A692189840200CC92C4;
			productRefGroup = 3F026A732189840200CC92C4 /* Products */;
			projectDirPath = "";
			projectRoot = "";
			targets = (
				3F026A712189840200CC92C4 /* Task-8 */,
				3F026A852189840300CC92C4 /* Task-8Tests */,
				3F026A902189840300CC92C4 /* Task-8UITests */,
			);
		};
/* End PBXProject section */

/* Begin PBXResourcesBuildPhase section */
		3F026A702189840200CC92C4 /* Resources */ = {
			isa = PBXResourcesBuildPhase;
			buildActionMask = 2147483647;
			files = (
				3F026A802189840300CC92C4 /* LaunchScreen.storyboard in Resources */,
				3F026A7D2189840300CC92C4 /* Assets.xcassets in Resources */,
				3F026A7B2189840200CC92C4 /* Main.storyboard in Resources */,
			);
			runOnlyForDeploymentPostprocessing = 0;
		};
		3F026A842189840300CC92C4 /* Resources */ = {
			isa = PBXResourcesBuildPhase;
			buildActionMask = 2147483647;
			files = (
			);
			runOnlyForDeploymentPostprocessing = 0;
		};
		3F026A8F2189840300CC92C4 /* Resources */ = {
			isa = PBXResourcesBuildPhase;
			buildActionMask = 2147483647;
			files = (
			);
			runOnlyForDeploymentPostprocessing = 0;
		};
/* End PBXResourcesBuildPhase section */

/* Begin PBXSourcesBuildPhase section */
		3F026A6E2189840200CC92C4 /* Sources */ = {
			isa = PBXSourcesBuildPhase;
			buildActionMask = 2147483647;
			files = (
				3F026A782189840200CC92C4 /* ViewController.swift in Sources */,
				3F026A762189840200CC92C4 /* AppDelegate.swift in Sources */,
				3F026AA42189A23B00CC92C4 /* StudentTableViewCell.swift in Sources */,
				3F026AA62189A95900CC92C4 /* Student.swift in Sources */,
			);
			runOnlyForDeploymentPostprocessing = 0;
		};
		3F026A822189840300CC92C4 /* Sources */ = {
			isa = PBXSourcesBuildPhase;
			buildActionMask = 2147483647;
			files = (
				3F026A8B2189840300CC92C4 /* Task_8Tests.swift in Sources */,
			);
			runOnlyForDeploymentPostprocessing = 0;
		};
		3F026A8D2189840300CC92C4 /* Sources */ = {
			isa = PBXSourcesBuildPhase;
			buildActionMask = 2147483647;
			files = (
				3F026A962189840300CC92C4 /* Task_8UITests.swift in Sources */,
			);
			runOnlyForDeploymentPostprocessing = 0;
		};
/* End PBXSourcesBuildPhase section */

/* Begin PBXTargetDependency section */
		3F026A882189840300CC92C4 /* PBXTargetDependency */ = {
			isa = PBXTargetDependency;
			target = 3F026A712189840200CC92C4 /* Task-8 */;
			targetProxy = 3F026A872189840300CC92C4 /* PBXContainerItemProxy */;
		};
		3F026A932189840300CC92C4 /* PBXTargetDependency */ = {
			isa = PBXTargetDependency;
			target = 3F026A712189840200CC92C4 /* Task-8 */;
			targetProxy = 3F026A922189840300CC92C4 /* PBXContainerItemProxy */;
		};
/* End PBXTargetDependency section */

/* Begin PBXVariantGroup section */
		3F026A792189840200CC92C4 /* Main.storyboard */ = {
			isa = PBXVariantGroup;
			children = (
				3F026A7A2189840200CC92C4 /* Base */,
			);
			name = Main.storyboard;
			sourceTree = "<group>";
		};
		3F026A7E2189840300CC92C4 /* LaunchScreen.storyboard */ = {
			isa = PBXVariantGroup;
			children = (
				3F026A7F2189840300CC92C4 /* Base */,
			);
			name = LaunchScreen.storyboard;
			sourceTree = "<group>";
		};
/* End PBXVariantGroup section */

/* Begin XCBuildConfiguration section */
		3F026A982189840300CC92C4 /* Debug */ = {
			isa = XCBuildConfiguration;
			buildSettings = {
				ALWAYS_SEARCH_USER_PATHS = NO;
				CLANG_ANALYZER_NONNULL = YES;
				CLANG_ANALYZER_NUMBER_OBJECT_CONVERSION = YES_AGGRESSIVE;
				CLANG_CXX_LANGUAGE_STANDARD = "gnu++14";
				CLANG_CXX_LIBRARY = "libc++";
				CLANG_ENABLE_MODULES = YES;
				CLANG_ENABLE_OBJC_ARC = YES;
				CLANG_ENABLE_OBJC_WEAK = YES;
				CLANG_WARN_BLOCK_CAPTURE_AUTORELEASING = YES;
				CLANG_WARN_BOOL_CONVERSION = YES;
				CLANG_WARN_COMMA = YES;
				CLANG_WARN_CONSTANT_CONVERSION = YES;
				CLANG_WARN_DEPRECATED_OBJC_IMPLEMENTATIONS = YES;
				CLANG_WARN_DIRECT_OBJC_ISA_USAGE = YES_ERROR;
				CLANG_WARN_DOCUMENTATION_COMMENTS = YES;
				CLANG_WARN_EMPTY_BODY = YES;
				CLANG_WARN_ENUM_CONVERSION = YES;
				CLANG_WARN_INFINITE_RECURSION = YES;
				CLANG_WARN_INT_CONVERSION = YES;
				CLANG_WARN_NON_LITERAL_NULL_CONVERSION = YES;
				CLANG_WARN_OBJC_IMPLICIT_RETAIN_SELF = YES;
				CLANG_WARN_OBJC_LITERAL_CONVERSION = YES;
				CLANG_WARN_OBJC_ROOT_CLASS = YES_ERROR;
				CLANG_WARN_RANGE_LOOP_ANALYSIS = YES;
				CLANG_WARN_STRICT_PROTOTYPES = YES;
				CLANG_WARN_SUSPICIOUS_MOVE = YES;
				CLANG_WARN_UNGUARDED_AVAILABILITY = YES_AGGRESSIVE;
				CLANG_WARN_UNREACHABLE_CODE = YES;
				CLANG_WARN__DUPLICATE_METHOD_MATCH = YES;
				CODE_SIGN_IDENTITY = "iPhone Developer";
				COPY_PHASE_STRIP = NO;
				DEBUG_INFORMATION_FORMAT = dwarf;
				ENABLE_STRICT_OBJC_MSGSEND = YES;
				ENABLE_TESTABILITY = YES;
				GCC_C_LANGUAGE_STANDARD = gnu11;
				GCC_DYNAMIC_NO_PIC = NO;
				GCC_NO_COMMON_BLOCKS = YES;
				GCC_OPTIMIZATION_LEVEL = 0;
				GCC_PREPROCESSOR_DEFINITIONS = (
					"DEBUG=1",
					"$(inherited)",
				);
				GCC_WARN_64_TO_32_BIT_CONVERSION = YES;
				GCC_WARN_ABOUT_RETURN_TYPE = YES_ERROR;
				GCC_WARN_UNDECLARED_SELECTOR = YES;
				GCC_WARN_UNINITIALIZED_AUTOS = YES_AGGRESSIVE;
				GCC_WARN_UNUSED_FUNCTION = YES;
				GCC_WARN_UNUSED_VARIABLE = YES;
				IPHONEOS_DEPLOYMENT_TARGET = 12.0;
				MTL_ENABLE_DEBUG_INFO = INCLUDE_SOURCE;
				MTL_FAST_MATH = YES;
				ONLY_ACTIVE_ARCH = YES;
				SDKROOT = iphoneos;
				SWIFT_ACTIVE_COMPILATION_CONDITIONS = DEBUG;
				SWIFT_OPTIMIZATION_LEVEL = "-Onone";
			};
			name = Debug;
		};
		3F026A992189840300CC92C4 /* Release */ = {
			isa = XCBuildConfiguration;
			buildSettings = {
				ALWAYS_SEARCH_USER_PATHS = NO;
				CLANG_ANALYZER_NONNULL = YES;
				CLANG_ANALYZER_NUMBER_OBJECT_CONVERSION = YES_AGGRESSIVE;
				CLANG_CXX_LANGUAGE_STANDARD = "gnu++14";
				CLANG_CXX_LIBRARY = "libc++";
				CLANG_ENABLE_MODULES = YES;
				CLANG_ENABLE_OBJC_ARC = YES;
				CLANG_ENABLE_OBJC_WEAK = YES;
				CLANG_WARN_BLOCK_CAPTURE_AUTORELEASING = YES;
				CLANG_WARN_BOOL_CONVERSION = YES;
				CLANG_WARN_COMMA = YES;
				CLANG_WARN_CONSTANT_CONVERSION = YES;
				CLANG_WARN_DEPRECATED_OBJC_IMPLEMENTATIONS = YES;
				CLANG_WARN_DIRECT_OBJC_ISA_USAGE = YES_ERROR;
				CLANG_WARN_DOCUMENTATION_COMMENTS = YES;
				CLANG_WARN_EMPTY_BODY = YES;
				CLANG_WARN_ENUM_CONVERSION = YES;
				CLANG_WARN_INFINITE_RECURSION = YES;
				CLANG_WARN_INT_CONVERSION = YES;
				CLANG_WARN_NON_LITERAL_NULL_CONVERSION = YES;
				CLANG_WARN_OBJC_IMPLICIT_RETAIN_SELF = YES;
				CLANG_WARN_OBJC_LITERAL_CONVERSION = YES;
				CLANG_WARN_OBJC_ROOT_CLASS = YES_ERROR;
				CLANG_WARN_RANGE_LOOP_ANALYSIS = YES;
				CLANG_WARN_STRICT_PROTOTYPES = YES;
				CLANG_WARN_SUSPICIOUS_MOVE = YES;
				CLANG_WARN_UNGUARDED_AVAILABILITY = YES_AGGRESSIVE;
				CLANG_WARN_UNREACHABLE_CODE = YES;
				CLANG_WARN__DUPLICATE_METHOD_MATCH = YES;
				CODE_SIGN_IDENTITY = "iPhone Developer";
				COPY_PHASE_STRIP = NO;
				DEBUG_INFORMATION_FORMAT = "dwarf-with-dsym";
				ENABLE_NS_ASSERTIONS = NO;
				ENABLE_STRICT_OBJC_MSGSEND = YES;
				GCC_C_LANGUAGE_STANDARD = gnu11;
				GCC_NO_COMMON_BLOCKS = YES;
				GCC_WARN_64_TO_32_BIT_CONVERSION = YES;
				GCC_WARN_ABOUT_RETURN_TYPE = YES_ERROR;
				GCC_WARN_UNDECLARED_SELECTOR = YES;
				GCC_WARN_UNINITIALIZED_AUTOS = YES_AGGRESSIVE;
				GCC_WARN_UNUSED_FUNCTION = YES;
				GCC_WARN_UNUSED_VARIABLE = YES;
				IPHONEOS_DEPLOYMENT_TARGET = 12.0;
				MTL_ENABLE_DEBUG_INFO = NO;
				MTL_FAST_MATH = YES;
				SDKROOT = iphoneos;
				SWIFT_COMPILATION_MODE = wholemodule;
				SWIFT_OPTIMIZATION_LEVEL = "-O";
				VALIDATE_PRODUCT = YES;
			};
			name = Release;
		};
		3F026A9B2189840300CC92C4 /* Debug */ = {
			isa = XCBuildConfiguration;
			buildSettings = {
				ASSETCATALOG_COMPILER_APPICON_NAME = AppIcon;
				CODE_SIGN_STYLE = Automatic;
				INFOPLIST_FILE = "Task-8/Info.plist";
				LD_RUNPATH_SEARCH_PATHS = (
					"$(inherited)",
					"@executable_path/Frameworks",
				);
				PRODUCT_BUNDLE_IDENTIFIER = "-016110451.Task-8";
				PRODUCT_NAME = "$(TARGET_NAME)";
				SWIFT_VERSION = 4.2;
				TARGETED_DEVICE_FAMILY = "1,2";
			};
			name = Debug;
		};
		3F026A9C2189840300CC92C4 /* Release */ = {
			isa = XCBuildConfiguration;
			buildSettings = {
				ASSETCATALOG_COMPILER_APPICON_NAME = AppIcon;
				CODE_SIGN_STYLE = Automatic;
				INFOPLIST_FILE = "Task-8/Info.plist";
				LD_RUNPATH_SEARCH_PATHS = (
					"$(inherited)",
					"@executable_path/Frameworks",
				);
				PRODUCT_BUNDLE_IDENTIFIER = "-016110451.Task-8";
				PRODUCT_NAME = "$(TARGET_NAME)";
				SWIFT_VERSION = 4.2;
				TARGETED_DEVICE_FAMILY = "1,2";
			};
			name = Release;
		};
		3F026A9E2189840300CC92C4 /* Debug */ = {
			isa = XCBuildConfiguration;
			buildSettings = {
				ALWAYS_EMBED_SWIFT_STANDARD_LIBRARIES = YES;
				BUNDLE_LOADER = "$(TEST_HOST)";
				CODE_SIGN_STYLE = Automatic;
				INFOPLIST_FILE = "Task-8Tests/Info.plist";
				LD_RUNPATH_SEARCH_PATHS = (
					"$(inherited)",
					"@executable_path/Frameworks",
					"@loader_path/Frameworks",
				);
				PRODUCT_BUNDLE_IDENTIFIER = "-016110451.Task-8Tests";
				PRODUCT_NAME = "$(TARGET_NAME)";
				SWIFT_VERSION = 4.2;
				TARGETED_DEVICE_FAMILY = "1,2";
				TEST_HOST = "$(BUILT_PRODUCTS_DIR)/Task-8.app/Task-8";
			};
			name = Debug;
		};
		3F026A9F2189840300CC92C4 /* Release */ = {
			isa = XCBuildConfiguration;
			buildSettings = {
				ALWAYS_EMBED_SWIFT_STANDARD_LIBRARIES = YES;
				BUNDLE_LOADER = "$(TEST_HOST)";
				CODE_SIGN_STYLE = Automatic;
				INFOPLIST_FILE = "Task-8Tests/Info.plist";
				LD_RUNPATH_SEARCH_PATHS = (
					"$(inherited)",
					"@executable_path/Frameworks",
					"@loader_path/Frameworks",
				);
				PRODUCT_BUNDLE_IDENTIFIER = "-016110451.Task-8Tests";
				PRODUCT_NAME = "$(TARGET_NAME)";
				SWIFT_VERSION = 4.2;
				TARGETED_DEVICE_FAMILY = "1,2";
				TEST_HOST = "$(BUILT_PRODUCTS_DIR)/Task-8.app/Task-8";
			};
			name = Release;
		};
		3F026AA12189840300CC92C4 /* Debug */ = {
			isa = XCBuildConfiguration;
			buildSettings = {
				ALWAYS_EMBED_SWIFT_STANDARD_LIBRARIES = YES;
				CODE_SIGN_STYLE = Automatic;
				INFOPLIST_FILE = "Task-8UITests/Info.plist";
				LD_RUNPATH_SEARCH_PATHS = (
					"$(inherited)",
					"@executable_path/Frameworks",
					"@loader_path/Frameworks",
				);
				PRODUCT_BUNDLE_IDENTIFIER = "-016110451.Task-8UITests";
				PRODUCT_NAME = "$(TARGET_NAME)";
				SWIFT_VERSION = 4.2;
				TARGETED_DEVICE_FAMILY = "1,2";
				TEST_TARGET_NAME = "Task-8";
			};
			name = Debug;
		};
		3F026AA22189840300CC92C4 /* Release */ = {
			isa = XCBuildConfiguration;
			buildSettings = {
				ALWAYS_EMBED_SWIFT_STANDARD_LIBRARIES = YES;
				CODE_SIGN_STYLE = Automatic;
				INFOPLIST_FILE = "Task-8UITests/Info.plist";
				LD_RUNPATH_SEARCH_PATHS = (
					"$(inherited)",
					"@executable_path/Frameworks",
					"@loader_path/Frameworks",
				);
				PRODUCT_BUNDLE_IDENTIFIER = "-016110451.Task-8UITests";
				PRODUCT_NAME = "$(TARGET_NAME)";
				SWIFT_VERSION = 4.2;
				TARGETED_DEVICE_FAMILY = "1,2";
				TEST_TARGET_NAME = "Task-8";
			};
			name = Release;
		};
/* End XCBuildConfiguration section */

/* Begin XCConfigurationList section */
		3F026A6D2189840200CC92C4 /* Build configuration list for PBXProject "Task-8" */ = {
			isa = XCConfigurationList;
			buildConfigurations = (
				3F026A982189840300CC92C4 /* Debug */,
				3F026A992189840300CC92C4 /* Release */,
			);
			defaultConfigurationIsVisible = 0;
			defaultConfigurationName = Release;
		};
		3F026A9A2189840300CC92C4 /* Build configuration list for PBXNativeTarget "Task-8" */ = {
			isa = XCConfigurationList;
			buildConfigurations = (
				3F026A9B2189840300CC92C4 /* Debug */,
				3F026A9C2189840300CC92C4 /* Release */,
			);
			defaultConfigurationIsVisible = 0;
			defaultConfigurationName = Release;
		};
		3F026A9D2189840300CC92C4 /* Build configuration list for PBXNativeTarget "Task-8Tests" */ = {
			isa = XCConfigurationList;
			buildConfigurations = (
				3F026A9E2189840300CC92C4 /* Debug */,
				3F026A9F2189840300CC92C4 /* Release */,
			);
			defaultConfigurationIsVisible = 0;
			defaultConfigurationName = Release;
		};
		3F026AA02189840300CC92C4 /* Build configuration list for PBXNativeTarget "Task-8UITests" */ = {
			isa = XCConfigurationList;
			buildConfigurations = (
				3F026AA12189840300CC92C4 /* Debug */,
				3F026AA22189840300CC92C4 /* Release */,
			);
			defaultConfigurationIsVisible = 0;
			defaultConfigurationName = Release;
		};
/* End XCConfigurationList section */
	};
	rootObject = 3F026A6A2189840200CC92C4 /* Project object */;
}
